
Microsoft Visual Studio Solution File, Format Version 12.00
# Visual Studio Version 16
VisualStudioVersion = 16.0.29519.87
MinimumVisualStudioVersion = 10.0.40219.1
Project("{2150E333-8FDC-42A3-9474-1A3956D46DE8}") = "Targets", "Targets", "{EFB30EE1-E0D0-4CE1-991B-0C83F345C8E6}"
EndProject
Project("{9A19103F-16F7-4668-BE54-9A1E7A4F7556}") = "SimTuning.Forms.UI", "SimTuning.Forms.UI\SimTuning.Forms.UI.csproj", "{7F86B3F8-6608-4FE8-97E2-B30EB8BE2C87}"
EndProject
Project("{FAE04EC0-301F-11D3-BF4B-00C04F79EFBC}") = "SimTuning.Forms.iOS", "SimTuning.Forms.iOS\SimTuning.Forms.iOS.csproj", "{1FAC1238-B1E4-42BD-A4A1-2B0E05A33CAC}"
EndProject
Project("{9A19103F-16F7-4668-BE54-9A1E7A4F7556}") = "SimTuning.Core", "SimTuning.Core\SimTuning.Core.csproj", "{1F341BE0-50CC-483F-B3BE-03245F6E6CFC}"
EndProject
Project("{9A19103F-16F7-4668-BE54-9A1E7A4F7556}") = "Data", "Data\Data.csproj", "{520780FF-16AF-431B-933F-EE695F4FA692}"
EndProject
Project("{9A19103F-16F7-4668-BE54-9A1E7A4F7556}") = "Spectrogram", "Spectrogram\Spectrogram.csproj", "{CBC22777-1FB4-4D9A-9CD1-F6E2D7F3348D}"
EndProject
Project("{9A19103F-16F7-4668-BE54-9A1E7A4F7556}") = "API", "API\API.csproj", "{D8707711-90EE-445F-B754-FAB0BD65132B}"
EndProject
Project("{FAE04EC0-301F-11D3-BF4B-00C04F79EFBC}") = "SimTuning.Forms.Droid", "SimTuning.Forms.Droid\SimTuning.Forms.Droid.csproj", "{AB2691EA-2938-4AAE-B769-766F6B3C8EBA}"
EndProject
Project("{2150E333-8FDC-42A3-9474-1A3956D46DE8}") = "Base", "Base", "{88DA4224-64D7-40FA-93BB-EFE09529A353}"
EndProject
Project("{FAE04EC0-301F-11D3-BF4B-00C04F79EFBC}") = "SimTuning.Droid", "SimTuning.Droid\SimTuning.Droid.csproj", "{FF98C655-C4B0-4003-AE25-E1CDC0CC94EF}"
EndProject
Project("{9A19103F-16F7-4668-BE54-9A1E7A4F7556}") = "SimTuning.Forms.WPFCore", "SimTuning.Forms.WPFCore\SimTuning.Forms.WPFCore.csproj", "{565440DB-EF7E-4E1E-97BE-2C20588FFB89}"
EndProject
Project("{FAE04EC0-301F-11D3-BF4B-00C04F79EFBC}") = "SimTuning.Forms.WPF", "SimTuning.Forms.WPF\SimTuning.Forms.WPF.csproj", "{9D9E1D51-5806-407C-A96D-32FFB7F0A4DF}"
EndProject
Project("{2150E333-8FDC-42A3-9474-1A3956D46DE8}") = "Solution Items", "Solution Items", "{9DC045AF-3BC3-4D5C-AAE5-A94BDE8EB93C}"
	ProjectSection(SolutionItems) = preProject
		Code Rules.ruleset = Code Rules.ruleset
		CodeMaid.config = CodeMaid.config
	EndProjectSection
EndProject
Global
	GlobalSection(SolutionConfigurationPlatforms) = preSolution
		Debug|Any CPU = Debug|Any CPU
		Debug|ARM = Debug|ARM
		Debug|ARM64 = Debug|ARM64
		Debug|iPhone = Debug|iPhone
		Debug|iPhoneSimulator = Debug|iPhoneSimulator
		Debug|x64 = Debug|x64
		Debug|x86 = Debug|x86
		Release|Any CPU = Release|Any CPU
		Release|ARM = Release|ARM
		Release|ARM64 = Release|ARM64
		Release|iPhone = Release|iPhone
		Release|iPhoneSimulator = Release|iPhoneSimulator
		Release|x64 = Release|x64
		Release|x86 = Release|x86
	EndGlobalSection
	GlobalSection(ProjectConfigurationPlatforms) = postSolution
		{7F86B3F8-6608-4FE8-97E2-B30EB8BE2C87}.Debug|Any CPU.ActiveCfg = Debug|Any CPU
		{7F86B3F8-6608-4FE8-97E2-B30EB8BE2C87}.Debug|Any CPU.Build.0 = Debug|Any CPU
		{7F86B3F8-6608-4FE8-97E2-B30EB8BE2C87}.Debug|ARM.ActiveCfg = Debug|Any CPU
		{7F86B3F8-6608-4FE8-97E2-B30EB8BE2C87}.Debug|ARM.Build.0 = Debug|Any CPU
		{7F86B3F8-6608-4FE8-97E2-B30EB8BE2C87}.Debug|ARM64.ActiveCfg = Debug|Any CPU
		{7F86B3F8-6608-4FE8-97E2-B30EB8BE2C87}.Debug|ARM64.Build.0 = Debug|Any CPU
		{7F86B3F8-6608-4FE8-97E2-B30EB8BE2C87}.Debug|iPhone.ActiveCfg = Debug|Any CPU
		{7F86B3F8-6608-4FE8-97E2-B30EB8BE2C87}.Debug|iPhone.Build.0 = Debug|Any CPU
		{7F86B3F8-6608-4FE8-97E2-B30EB8BE2C87}.Debug|iPhoneSimulator.ActiveCfg = Debug|Any CPU
		{7F86B3F8-6608-4FE8-97E2-B30EB8BE2C87}.Debug|iPhoneSimulator.Build.0 = Debug|Any CPU
		{7F86B3F8-6608-4FE8-97E2-B30EB8BE2C87}.Debug|x64.ActiveCfg = Debug|Any CPU
		{7F86B3F8-6608-4FE8-97E2-B30EB8BE2C87}.Debug|x64.Build.0 = Debug|Any CPU
		{7F86B3F8-6608-4FE8-97E2-B30EB8BE2C87}.Debug|x86.ActiveCfg = Debug|Any CPU
		{7F86B3F8-6608-4FE8-97E2-B30EB8BE2C87}.Debug|x86.Build.0 = Debug|Any CPU
		{7F86B3F8-6608-4FE8-97E2-B30EB8BE2C87}.Release|Any CPU.ActiveCfg = Release|Any CPU
		{7F86B3F8-6608-4FE8-97E2-B30EB8BE2C87}.Release|Any CPU.Build.0 = Release|Any CPU
		{7F86B3F8-6608-4FE8-97E2-B30EB8BE2C87}.Release|ARM.ActiveCfg = Release|Any CPU
		{7F86B3F8-6608-4FE8-97E2-B30EB8BE2C87}.Release|ARM.Build.0 = Release|Any CPU
		{7F86B3F8-6608-4FE8-97E2-B30EB8BE2C87}.Release|ARM64.ActiveCfg = Release|Any CPU
		{7F86B3F8-6608-4FE8-97E2-B30EB8BE2C87}.Release|ARM64.Build.0 = Release|Any CPU
		{7F86B3F8-6608-4FE8-97E2-B30EB8BE2C87}.Release|iPhone.ActiveCfg = Release|Any CPU
		{7F86B3F8-6608-4FE8-97E2-B30EB8BE2C87}.Release|iPhone.Build.0 = Release|Any CPU
		{7F86B3F8-6608-4FE8-97E2-B30EB8BE2C87}.Release|iPhoneSimulator.ActiveCfg = Release|Any CPU
		{7F86B3F8-6608-4FE8-97E2-B30EB8BE2C87}.Release|iPhoneSimulator.Build.0 = Release|Any CPU
		{7F86B3F8-6608-4FE8-97E2-B30EB8BE2C87}.Release|x64.ActiveCfg = Release|Any CPU
		{7F86B3F8-6608-4FE8-97E2-B30EB8BE2C87}.Release|x64.Build.0 = Release|Any CPU
		{7F86B3F8-6608-4FE8-97E2-B30EB8BE2C87}.Release|x86.ActiveCfg = Release|Any CPU
		{7F86B3F8-6608-4FE8-97E2-B30EB8BE2C87}.Release|x86.Build.0 = Release|Any CPU
		{1FAC1238-B1E4-42BD-A4A1-2B0E05A33CAC}.Debug|Any CPU.ActiveCfg = Debug|iPhone
		{1FAC1238-B1E4-42BD-A4A1-2B0E05A33CAC}.Debug|Any CPU.Build.0 = Debug|iPhone
		{1FAC1238-B1E4-42BD-A4A1-2B0E05A33CAC}.Debug|ARM.ActiveCfg = Debug|iPhoneSimulator
		{1FAC1238-B1E4-42BD-A4A1-2B0E05A33CAC}.Debug|ARM64.ActiveCfg = Debug|iPhoneSimulator
		{1FAC1238-B1E4-42BD-A4A1-2B0E05A33CAC}.Debug|iPhone.ActiveCfg = Debug|iPhone
		{1FAC1238-B1E4-42BD-A4A1-2B0E05A33CAC}.Debug|iPhone.Build.0 = Debug|iPhone
		{1FAC1238-B1E4-42BD-A4A1-2B0E05A33CAC}.Debug|iPhoneSimulator.ActiveCfg = Debug|iPhoneSimulator
		{1FAC1238-B1E4-42BD-A4A1-2B0E05A33CAC}.Debug|iPhoneSimulator.Build.0 = Debug|iPhoneSimulator
		{1FAC1238-B1E4-42BD-A4A1-2B0E05A33CAC}.Debug|x64.ActiveCfg = Debug|iPhoneSimulator
		{1FAC1238-B1E4-42BD-A4A1-2B0E05A33CAC}.Debug|x86.ActiveCfg = Debug|iPhoneSimulator
		{1FAC1238-B1E4-42BD-A4A1-2B0E05A33CAC}.Release|Any CPU.ActiveCfg = Release|iPhone
		{1FAC1238-B1E4-42BD-A4A1-2B0E05A33CAC}.Release|Any CPU.Build.0 = Release|iPhone
		{1FAC1238-B1E4-42BD-A4A1-2B0E05A33CAC}.Release|ARM.ActiveCfg = Release|iPhoneSimulator
		{1FAC1238-B1E4-42BD-A4A1-2B0E05A33CAC}.Release|ARM64.ActiveCfg = Release|iPhoneSimulator
		{1FAC1238-B1E4-42BD-A4A1-2B0E05A33CAC}.Release|iPhone.ActiveCfg = Release|iPhone
		{1FAC1238-B1E4-42BD-A4A1-2B0E05A33CAC}.Release|iPhone.Build.0 = Release|iPhone
		{1FAC1238-B1E4-42BD-A4A1-2B0E05A33CAC}.Release|iPhoneSimulator.ActiveCfg = Release|iPhoneSimulator
		{1FAC1238-B1E4-42BD-A4A1-2B0E05A33CAC}.Release|iPhoneSimulator.Build.0 = Release|iPhoneSimulator
		{1FAC1238-B1E4-42BD-A4A1-2B0E05A33CAC}.Release|x64.ActiveCfg = Release|iPhoneSimulator
		{1FAC1238-B1E4-42BD-A4A1-2B0E05A33CAC}.Release|x86.ActiveCfg = Release|iPhoneSimulator
		{1F341BE0-50CC-483F-B3BE-03245F6E6CFC}.Debug|Any CPU.ActiveCfg = Debug|Any CPU
		{1F341BE0-50CC-483F-B3BE-03245F6E6CFC}.Debug|Any CPU.Build.0 = Debug|Any CPU
		{1F341BE0-50CC-483F-B3BE-03245F6E6CFC}.Debug|ARM.ActiveCfg = Debug|Any CPU
		{1F341BE0-50CC-483F-B3BE-03245F6E6CFC}.Debug|ARM.Build.0 = Debug|Any CPU
		{1F341BE0-50CC-483F-B3BE-03245F6E6CFC}.Debug|ARM64.ActiveCfg = Debug|Any CPU
		{1F341BE0-50CC-483F-B3BE-03245F6E6CFC}.Debug|ARM64.Build.0 = Debug|Any CPU
		{1F341BE0-50CC-483F-B3BE-03245F6E6CFC}.Debug|iPhone.ActiveCfg = Debug|Any CPU
		{1F341BE0-50CC-483F-B3BE-03245F6E6CFC}.Debug|iPhone.Build.0 = Debug|Any CPU
		{1F341BE0-50CC-483F-B3BE-03245F6E6CFC}.Debug|iPhoneSimulator.ActiveCfg = Debug|Any CPU
		{1F341BE0-50CC-483F-B3BE-03245F6E6CFC}.Debug|iPhoneSimulator.Build.0 = Debug|Any CPU
		{1F341BE0-50CC-483F-B3BE-03245F6E6CFC}.Debug|x64.ActiveCfg = Debug|Any CPU
		{1F341BE0-50CC-483F-B3BE-03245F6E6CFC}.Debug|x64.Build.0 = Debug|Any CPU
		{1F341BE0-50CC-483F-B3BE-03245F6E6CFC}.Debug|x86.ActiveCfg = Debug|Any CPU
		{1F341BE0-50CC-483F-B3BE-03245F6E6CFC}.Debug|x86.Build.0 = Debug|Any CPU
		{1F341BE0-50CC-483F-B3BE-03245F6E6CFC}.Release|Any CPU.ActiveCfg = Release|Any CPU
		{1F341BE0-50CC-483F-B3BE-03245F6E6CFC}.Release|Any CPU.Build.0 = Release|Any CPU
		{1F341BE0-50CC-483F-B3BE-03245F6E6CFC}.Release|ARM.ActiveCfg = Release|Any CPU
		{1F341BE0-50CC-483F-B3BE-03245F6E6CFC}.Release|ARM.Build.0 = Release|Any CPU
		{1F341BE0-50CC-483F-B3BE-03245F6E6CFC}.Release|ARM64.ActiveCfg = Release|Any CPU
		{1F341BE0-50CC-483F-B3BE-03245F6E6CFC}.Release|ARM64.Build.0 = Release|Any CPU
		{1F341BE0-50CC-483F-B3BE-03245F6E6CFC}.Release|iPhone.ActiveCfg = Release|Any CPU
		{1F341BE0-50CC-483F-B3BE-03245F6E6CFC}.Release|iPhone.Build.0 = Release|Any CPU
		{1F341BE0-50CC-483F-B3BE-03245F6E6CFC}.Release|iPhoneSimulator.ActiveCfg = Release|Any CPU
		{1F341BE0-50CC-483F-B3BE-03245F6E6CFC}.Release|iPhoneSimulator.Build.0 = Release|Any CPU
		{1F341BE0-50CC-483F-B3BE-03245F6E6CFC}.Release|x64.ActiveCfg = Release|Any CPU
		{1F341BE0-50CC-483F-B3BE-03245F6E6CFC}.Release|x64.Build.0 = Release|Any CPU
		{1F341BE0-50CC-483F-B3BE-03245F6E6CFC}.Release|x86.ActiveCfg = Release|Any CPU
		{1F341BE0-50CC-483F-B3BE-03245F6E6CFC}.Release|x86.Build.0 = Release|Any CPU
		{520780FF-16AF-431B-933F-EE695F4FA692}.Debug|Any CPU.ActiveCfg = Debug|Any CPU
		{520780FF-16AF-431B-933F-EE695F4FA692}.Debug|Any CPU.Build.0 = Debug|Any CPU
		{520780FF-16AF-431B-933F-EE695F4FA692}.Debug|ARM.ActiveCfg = Debug|Any CPU
		{520780FF-16AF-431B-933F-EE695F4FA692}.Debug|ARM.Build.0 = Debug|Any CPU
		{520780FF-16AF-431B-933F-EE695F4FA692}.Debug|ARM64.ActiveCfg = Debug|Any CPU
		{520780FF-16AF-431B-933F-EE695F4FA692}.Debug|ARM64.Build.0 = Debug|Any CPU
		{520780FF-16AF-431B-933F-EE695F4FA692}.Debug|iPhone.ActiveCfg = Debug|Any CPU
		{520780FF-16AF-431B-933F-EE695F4FA692}.Debug|iPhone.Build.0 = Debug|Any CPU
		{520780FF-16AF-431B-933F-EE695F4FA692}.Debug|iPhoneSimulator.ActiveCfg = Debug|Any CPU
		{520780FF-16AF-431B-933F-EE695F4FA692}.Debug|iPhoneSimulator.Build.0 = Debug|Any CPU
		{520780FF-16AF-431B-933F-EE695F4FA692}.Debug|x64.ActiveCfg = Debug|Any CPU
		{520780FF-16AF-431B-933F-EE695F4FA692}.Debug|x64.Build.0 = Debug|Any CPU
		{520780FF-16AF-431B-933F-EE695F4FA692}.Debug|x86.ActiveCfg = Debug|Any CPU
		{520780FF-16AF-431B-933F-EE695F4FA692}.Debug|x86.Build.0 = Debug|Any CPU
		{520780FF-16AF-431B-933F-EE695F4FA692}.Release|Any CPU.ActiveCfg = Release|Any CPU
		{520780FF-16AF-431B-933F-EE695F4FA692}.Release|Any CPU.Build.0 = Release|Any CPU
		{520780FF-16AF-431B-933F-EE695F4FA692}.Release|ARM.ActiveCfg = Release|Any CPU
		{520780FF-16AF-431B-933F-EE695F4FA692}.Release|ARM.Build.0 = Release|Any CPU
		{520780FF-16AF-431B-933F-EE695F4FA692}.Release|ARM64.ActiveCfg = Release|Any CPU
		{520780FF-16AF-431B-933F-EE695F4FA692}.Release|ARM64.Build.0 = Release|Any CPU
		{520780FF-16AF-431B-933F-EE695F4FA692}.Release|iPhone.ActiveCfg = Release|Any CPU
		{520780FF-16AF-431B-933F-EE695F4FA692}.Release|iPhone.Build.0 = Release|Any CPU
		{520780FF-16AF-431B-933F-EE695F4FA692}.Release|iPhoneSimulator.ActiveCfg = Release|Any CPU
		{520780FF-16AF-431B-933F-EE695F4FA692}.Release|iPhoneSimulator.Build.0 = Release|Any CPU
		{520780FF-16AF-431B-933F-EE695F4FA692}.Release|x64.ActiveCfg = Release|Any CPU
		{520780FF-16AF-431B-933F-EE695F4FA692}.Release|x64.Build.0 = Release|Any CPU
		{520780FF-16AF-431B-933F-EE695F4FA692}.Release|x86.ActiveCfg = Release|Any CPU
		{520780FF-16AF-431B-933F-EE695F4FA692}.Release|x86.Build.0 = Release|Any CPU
		{CBC22777-1FB4-4D9A-9CD1-F6E2D7F3348D}.Debug|Any CPU.ActiveCfg = Debug|Any CPU
		{CBC22777-1FB4-4D9A-9CD1-F6E2D7F3348D}.Debug|Any CPU.Build.0 = Debug|Any CPU
		{CBC22777-1FB4-4D9A-9CD1-F6E2D7F3348D}.Debug|ARM.ActiveCfg = Debug|Any CPU
		{CBC22777-1FB4-4D9A-9CD1-F6E2D7F3348D}.Debug|ARM.Build.0 = Debug|Any CPU
		{CBC22777-1FB4-4D9A-9CD1-F6E2D7F3348D}.Debug|ARM64.ActiveCfg = Debug|Any CPU
		{CBC22777-1FB4-4D9A-9CD1-F6E2D7F3348D}.Debug|ARM64.Build.0 = Debug|Any CPU
		{CBC22777-1FB4-4D9A-9CD1-F6E2D7F3348D}.Debug|iPhone.ActiveCfg = Debug|Any CPU
		{CBC22777-1FB4-4D9A-9CD1-F6E2D7F3348D}.Debug|iPhone.Build.0 = Debug|Any CPU
		{CBC22777-1FB4-4D9A-9CD1-F6E2D7F3348D}.Debug|iPhoneSimulator.ActiveCfg = Debug|Any CPU
		{CBC22777-1FB4-4D9A-9CD1-F6E2D7F3348D}.Debug|iPhoneSimulator.Build.0 = Debug|Any CPU
		{CBC22777-1FB4-4D9A-9CD1-F6E2D7F3348D}.Debug|x64.ActiveCfg = Debug|Any CPU
		{CBC22777-1FB4-4D9A-9CD1-F6E2D7F3348D}.Debug|x64.Build.0 = Debug|Any CPU
		{CBC22777-1FB4-4D9A-9CD1-F6E2D7F3348D}.Debug|x86.ActiveCfg = Debug|Any CPU
		{CBC22777-1FB4-4D9A-9CD1-F6E2D7F3348D}.Debug|x86.Build.0 = Debug|Any CPU
		{CBC22777-1FB4-4D9A-9CD1-F6E2D7F3348D}.Release|Any CPU.ActiveCfg = Release|Any CPU
		{CBC22777-1FB4-4D9A-9CD1-F6E2D7F3348D}.Release|Any CPU.Build.0 = Release|Any CPU
		{CBC22777-1FB4-4D9A-9CD1-F6E2D7F3348D}.Release|ARM.ActiveCfg = Release|Any CPU
		{CBC22777-1FB4-4D9A-9CD1-F6E2D7F3348D}.Release|ARM.Build.0 = Release|Any CPU
		{CBC22777-1FB4-4D9A-9CD1-F6E2D7F3348D}.Release|ARM64.ActiveCfg = Release|Any CPU
		{CBC22777-1FB4-4D9A-9CD1-F6E2D7F3348D}.Release|ARM64.Build.0 = Release|Any CPU
		{CBC22777-1FB4-4D9A-9CD1-F6E2D7F3348D}.Release|iPhone.ActiveCfg = Release|Any CPU
		{CBC22777-1FB4-4D9A-9CD1-F6E2D7F3348D}.Release|iPhone.Build.0 = Release|Any CPU
		{CBC22777-1FB4-4D9A-9CD1-F6E2D7F3348D}.Release|iPhoneSimulator.ActiveCfg = Release|Any CPU
		{CBC22777-1FB4-4D9A-9CD1-F6E2D7F3348D}.Release|iPhoneSimulator.Build.0 = Release|Any CPU
		{CBC22777-1FB4-4D9A-9CD1-F6E2D7F3348D}.Release|x64.ActiveCfg = Release|Any CPU
		{CBC22777-1FB4-4D9A-9CD1-F6E2D7F3348D}.Release|x64.Build.0 = Release|Any CPU
		{CBC22777-1FB4-4D9A-9CD1-F6E2D7F3348D}.Release|x86.ActiveCfg = Release|Any CPU
		{CBC22777-1FB4-4D9A-9CD1-F6E2D7F3348D}.Release|x86.Build.0 = Release|Any CPU
		{D8707711-90EE-445F-B754-FAB0BD65132B}.Debug|Any CPU.ActiveCfg = Debug|Any CPU
		{D8707711-90EE-445F-B754-FAB0BD65132B}.Debug|Any CPU.Build.0 = Debug|Any CPU
		{D8707711-90EE-445F-B754-FAB0BD65132B}.Debug|ARM.ActiveCfg = Debug|Any CPU
		{D8707711-90EE-445F-B754-FAB0BD65132B}.Debug|ARM.Build.0 = Debug|Any CPU
		{D8707711-90EE-445F-B754-FAB0BD65132B}.Debug|ARM64.ActiveCfg = Debug|Any CPU
		{D8707711-90EE-445F-B754-FAB0BD65132B}.Debug|ARM64.Build.0 = Debug|Any CPU
		{D8707711-90EE-445F-B754-FAB0BD65132B}.Debug|iPhone.ActiveCfg = Debug|Any CPU
		{D8707711-90EE-445F-B754-FAB0BD65132B}.Debug|iPhone.Build.0 = Debug|Any CPU
		{D8707711-90EE-445F-B754-FAB0BD65132B}.Debug|iPhoneSimulator.ActiveCfg = Debug|Any CPU
		{D8707711-90EE-445F-B754-FAB0BD65132B}.Debug|iPhoneSimulator.Build.0 = Debug|Any CPU
		{D8707711-90EE-445F-B754-FAB0BD65132B}.Debug|x64.ActiveCfg = Debug|Any CPU
		{D8707711-90EE-445F-B754-FAB0BD65132B}.Debug|x64.Build.0 = Debug|Any CPU
		{D8707711-90EE-445F-B754-FAB0BD65132B}.Debug|x86.ActiveCfg = Debug|Any CPU
		{D8707711-90EE-445F-B754-FAB0BD65132B}.Debug|x86.Build.0 = Debug|Any CPU
		{D8707711-90EE-445F-B754-FAB0BD65132B}.Release|Any CPU.ActiveCfg = Release|Any CPU
		{D8707711-90EE-445F-B754-FAB0BD65132B}.Release|Any CPU.Build.0 = Release|Any CPU
		{D8707711-90EE-445F-B754-FAB0BD65132B}.Release|ARM.ActiveCfg = Release|Any CPU
		{D8707711-90EE-445F-B754-FAB0BD65132B}.Release|ARM.Build.0 = Release|Any CPU
		{D8707711-90EE-445F-B754-FAB0BD65132B}.Release|ARM64.ActiveCfg = Release|Any CPU
		{D8707711-90EE-445F-B754-FAB0BD65132B}.Release|ARM64.Build.0 = Release|Any CPU
		{D8707711-90EE-445F-B754-FAB0BD65132B}.Release|iPhone.ActiveCfg = Release|Any CPU
		{D8707711-90EE-445F-B754-FAB0BD65132B}.Release|iPhone.Build.0 = Release|Any CPU
		{D8707711-90EE-445F-B754-FAB0BD65132B}.Release|iPhoneSimulator.ActiveCfg = Release|Any CPU
		{D8707711-90EE-445F-B754-FAB0BD65132B}.Release|iPhoneSimulator.Build.0 = Release|Any CPU
		{D8707711-90EE-445F-B754-FAB0BD65132B}.Release|x64.ActiveCfg = Release|Any CPU
		{D8707711-90EE-445F-B754-FAB0BD65132B}.Release|x64.Build.0 = Release|Any CPU
		{D8707711-90EE-445F-B754-FAB0BD65132B}.Release|x86.ActiveCfg = Release|Any CPU
		{D8707711-90EE-445F-B754-FAB0BD65132B}.Release|x86.Build.0 = Release|Any CPU
		{AB2691EA-2938-4AAE-B769-766F6B3C8EBA}.Debug|Any CPU.ActiveCfg = Debug|Any CPU
		{AB2691EA-2938-4AAE-B769-766F6B3C8EBA}.Debug|Any CPU.Build.0 = Debug|Any CPU
		{AB2691EA-2938-4AAE-B769-766F6B3C8EBA}.Debug|ARM.ActiveCfg = Debug|Any CPU
		{AB2691EA-2938-4AAE-B769-766F6B3C8EBA}.Debug|ARM.Build.0 = Debug|Any CPU
		{AB2691EA-2938-4AAE-B769-766F6B3C8EBA}.Debug|ARM.Deploy.0 = Debug|Any CPU
		{AB2691EA-2938-4AAE-B769-766F6B3C8EBA}.Debug|ARM64.ActiveCfg = Debug|Any CPU
		{AB2691EA-2938-4AAE-B769-766F6B3C8EBA}.Debug|ARM64.Build.0 = Debug|Any CPU
		{AB2691EA-2938-4AAE-B769-766F6B3C8EBA}.Debug|ARM64.Deploy.0 = Debug|Any CPU
		{AB2691EA-2938-4AAE-B769-766F6B3C8EBA}.Debug|iPhone.ActiveCfg = Debug|Any CPU
		{AB2691EA-2938-4AAE-B769-766F6B3C8EBA}.Debug|iPhone.Build.0 = Debug|Any CPU
		{AB2691EA-2938-4AAE-B769-766F6B3C8EBA}.Debug|iPhone.Deploy.0 = Debug|Any CPU
		{AB2691EA-2938-4AAE-B769-766F6B3C8EBA}.Debug|iPhoneSimulator.ActiveCfg = Debug|Any CPU
		{AB2691EA-2938-4AAE-B769-766F6B3C8EBA}.Debug|iPhoneSimulator.Build.0 = Debug|Any CPU
		{AB2691EA-2938-4AAE-B769-766F6B3C8EBA}.Debug|iPhoneSimulator.Deploy.0 = Debug|Any CPU
		{AB2691EA-2938-4AAE-B769-766F6B3C8EBA}.Debug|x64.ActiveCfg = Debug|Any CPU
		{AB2691EA-2938-4AAE-B769-766F6B3C8EBA}.Debug|x64.Build.0 = Debug|Any CPU
		{AB2691EA-2938-4AAE-B769-766F6B3C8EBA}.Debug|x64.Deploy.0 = Debug|Any CPU
		{AB2691EA-2938-4AAE-B769-766F6B3C8EBA}.Debug|x86.ActiveCfg = Debug|Any CPU
		{AB2691EA-2938-4AAE-B769-766F6B3C8EBA}.Debug|x86.Build.0 = Debug|Any CPU
		{AB2691EA-2938-4AAE-B769-766F6B3C8EBA}.Release|Any CPU.ActiveCfg = Release|Any CPU
		{AB2691EA-2938-4AAE-B769-766F6B3C8EBA}.Release|Any CPU.Build.0 = Release|Any CPU
		{AB2691EA-2938-4AAE-B769-766F6B3C8EBA}.Release|Any CPU.Deploy.0 = Release|Any CPU
		{AB2691EA-2938-4AAE-B769-766F6B3C8EBA}.Release|ARM.ActiveCfg = Release|Any CPU
		{AB2691EA-2938-4AAE-B769-766F6B3C8EBA}.Release|ARM.Build.0 = Release|Any CPU
		{AB2691EA-2938-4AAE-B769-766F6B3C8EBA}.Release|ARM.Deploy.0 = Release|Any CPU
		{AB2691EA-2938-4AAE-B769-766F6B3C8EBA}.Release|ARM64.ActiveCfg = Release|Any CPU
		{AB2691EA-2938-4AAE-B769-766F6B3C8EBA}.Release|ARM64.Build.0 = Release|Any CPU
		{AB2691EA-2938-4AAE-B769-766F6B3C8EBA}.Release|ARM64.Deploy.0 = Release|Any CPU
		{AB2691EA-2938-4AAE-B769-766F6B3C8EBA}.Release|iPhone.ActiveCfg = Release|Any CPU
		{AB2691EA-2938-4AAE-B769-766F6B3C8EBA}.Release|iPhone.Build.0 = Release|Any CPU
		{AB2691EA-2938-4AAE-B769-766F6B3C8EBA}.Release|iPhone.Deploy.0 = Release|Any CPU
		{AB2691EA-2938-4AAE-B769-766F6B3C8EBA}.Release|iPhoneSimulator.ActiveCfg = Release|Any CPU
		{AB2691EA-2938-4AAE-B769-766F6B3C8EBA}.Release|iPhoneSimulator.Build.0 = Release|Any CPU
		{AB2691EA-2938-4AAE-B769-766F6B3C8EBA}.Release|iPhoneSimulator.Deploy.0 = Release|Any CPU
		{AB2691EA-2938-4AAE-B769-766F6B3C8EBA}.Release|x64.ActiveCfg = Release|Any CPU
		{AB2691EA-2938-4AAE-B769-766F6B3C8EBA}.Release|x64.Build.0 = Release|Any CPU
		{AB2691EA-2938-4AAE-B769-766F6B3C8EBA}.Release|x64.Deploy.0 = Release|Any CPU
		{AB2691EA-2938-4AAE-B769-766F6B3C8EBA}.Release|x86.ActiveCfg = Release|Any CPU
		{AB2691EA-2938-4AAE-B769-766F6B3C8EBA}.Release|x86.Build.0 = Release|Any CPU
		{AB2691EA-2938-4AAE-B769-766F6B3C8EBA}.Release|x86.Deploy.0 = Release|Any CPU
		{FF98C655-C4B0-4003-AE25-E1CDC0CC94EF}.Debug|Any CPU.ActiveCfg = Debug|Any CPU
		{FF98C655-C4B0-4003-AE25-E1CDC0CC94EF}.Debug|Any CPU.Build.0 = Debug|Any CPU
		{FF98C655-C4B0-4003-AE25-E1CDC0CC94EF}.Debug|ARM.ActiveCfg = Debug|Any CPU
		{FF98C655-C4B0-4003-AE25-E1CDC0CC94EF}.Debug|ARM.Build.0 = Debug|Any CPU
		{FF98C655-C4B0-4003-AE25-E1CDC0CC94EF}.Debug|ARM.Deploy.0 = Debug|Any CPU
		{FF98C655-C4B0-4003-AE25-E1CDC0CC94EF}.Debug|ARM64.ActiveCfg = Debug|Any CPU
		{FF98C655-C4B0-4003-AE25-E1CDC0CC94EF}.Debug|ARM64.Build.0 = Debug|Any CPU
		{FF98C655-C4B0-4003-AE25-E1CDC0CC94EF}.Debug|ARM64.Deploy.0 = Debug|Any CPU
		{FF98C655-C4B0-4003-AE25-E1CDC0CC94EF}.Debug|iPhone.ActiveCfg = Debug|Any CPU
		{FF98C655-C4B0-4003-AE25-E1CDC0CC94EF}.Debug|iPhone.Build.0 = Debug|Any CPU
		{FF98C655-C4B0-4003-AE25-E1CDC0CC94EF}.Debug|iPhone.Deploy.0 = Debug|Any CPU
		{FF98C655-C4B0-4003-AE25-E1CDC0CC94EF}.Debug|iPhoneSimulator.ActiveCfg = Debug|Any CPU
		{FF98C655-C4B0-4003-AE25-E1CDC0CC94EF}.Debug|iPhoneSimulator.Build.0 = Debug|Any CPU
		{FF98C655-C4B0-4003-AE25-E1CDC0CC94EF}.Debug|iPhoneSimulator.Deploy.0 = Debug|Any CPU
		{FF98C655-C4B0-4003-AE25-E1CDC0CC94EF}.Debug|x64.ActiveCfg = Debug|Any CPU
		{FF98C655-C4B0-4003-AE25-E1CDC0CC94EF}.Debug|x64.Build.0 = Debug|Any CPU
		{FF98C655-C4B0-4003-AE25-E1CDC0CC94EF}.Debug|x64.Deploy.0 = Debug|Any CPU
		{FF98C655-C4B0-4003-AE25-E1CDC0CC94EF}.Debug|x86.ActiveCfg = Debug|Any CPU
		{FF98C655-C4B0-4003-AE25-E1CDC0CC94EF}.Debug|x86.Build.0 = Debug|Any CPU
		{FF98C655-C4B0-4003-AE25-E1CDC0CC94EF}.Release|Any CPU.ActiveCfg = Release|Any CPU
		{FF98C655-C4B0-4003-AE25-E1CDC0CC94EF}.Release|Any CPU.Build.0 = Release|Any CPU
		{FF98C655-C4B0-4003-AE25-E1CDC0CC94EF}.Release|Any CPU.Deploy.0 = Release|Any CPU
		{FF98C655-C4B0-4003-AE25-E1CDC0CC94EF}.Release|ARM.ActiveCfg = Release|Any CPU
		{FF98C655-C4B0-4003-AE25-E1CDC0CC94EF}.Release|ARM.Build.0 = Release|Any CPU
		{FF98C655-C4B0-4003-AE25-E1CDC0CC94EF}.Release|ARM.Deploy.0 = Release|Any CPU
		{FF98C655-C4B0-4003-AE25-E1CDC0CC94EF}.Release|ARM64.ActiveCfg = Release|Any CPU
		{FF98C655-C4B0-4003-AE25-E1CDC0CC94EF}.Release|ARM64.Build.0 = Release|Any CPU
		{FF98C655-C4B0-4003-AE25-E1CDC0CC94EF}.Release|ARM64.Deploy.0 = Release|Any CPU
		{FF98C655-C4B0-4003-AE25-E1CDC0CC94EF}.Release|iPhone.ActiveCfg = Release|Any CPU
		{FF98C655-C4B0-4003-AE25-E1CDC0CC94EF}.Release|iPhone.Build.0 = Release|Any CPU
		{FF98C655-C4B0-4003-AE25-E1CDC0CC94EF}.Release|iPhone.Deploy.0 = Release|Any CPU
		{FF98C655-C4B0-4003-AE25-E1CDC0CC94EF}.Release|iPhoneSimulator.ActiveCfg = Release|Any CPU
		{FF98C655-C4B0-4003-AE25-E1CDC0CC94EF}.Release|iPhoneSimulator.Build.0 = Release|Any CPU
		{FF98C655-C4B0-4003-AE25-E1CDC0CC94EF}.Release|iPhoneSimulator.Deploy.0 = Release|Any CPU
		{FF98C655-C4B0-4003-AE25-E1CDC0CC94EF}.Release|x64.ActiveCfg = Release|Any CPU
		{FF98C655-C4B0-4003-AE25-E1CDC0CC94EF}.Release|x64.Build.0 = Release|Any CPU
		{FF98C655-C4B0-4003-AE25-E1CDC0CC94EF}.Release|x64.Deploy.0 = Release|Any CPU
		{FF98C655-C4B0-4003-AE25-E1CDC0CC94EF}.Release|x86.ActiveCfg = Release|Any CPU
		{FF98C655-C4B0-4003-AE25-E1CDC0CC94EF}.Release|x86.Build.0 = Release|Any CPU
		{FF98C655-C4B0-4003-AE25-E1CDC0CC94EF}.Release|x86.Deploy.0 = Release|Any CPU
		{565440DB-EF7E-4E1E-97BE-2C20588FFB89}.Debug|Any CPU.ActiveCfg = Debug|Any CPU
		{565440DB-EF7E-4E1E-97BE-2C20588FFB89}.Debug|Any CPU.Build.0 = Debug|Any CPU
		{565440DB-EF7E-4E1E-97BE-2C20588FFB89}.Debug|ARM.ActiveCfg = Debug|Any CPU
		{565440DB-EF7E-4E1E-97BE-2C20588FFB89}.Debug|ARM.Build.0 = Debug|Any CPU
		{565440DB-EF7E-4E1E-97BE-2C20588FFB89}.Debug|ARM64.ActiveCfg = Debug|Any CPU
		{565440DB-EF7E-4E1E-97BE-2C20588FFB89}.Debug|ARM64.Build.0 = Debug|Any CPU
		{565440DB-EF7E-4E1E-97BE-2C20588FFB89}.Debug|iPhone.ActiveCfg = Debug|Any CPU
		{565440DB-EF7E-4E1E-97BE-2C20588FFB89}.Debug|iPhone.Build.0 = Debug|Any CPU
		{565440DB-EF7E-4E1E-97BE-2C20588FFB89}.Debug|iPhoneSimulator.ActiveCfg = Debug|Any CPU
		{565440DB-EF7E-4E1E-97BE-2C20588FFB89}.Debug|iPhoneSimulator.Build.0 = Debug|Any CPU
		{565440DB-EF7E-4E1E-97BE-2C20588FFB89}.Debug|x64.ActiveCfg = Debug|Any CPU
		{565440DB-EF7E-4E1E-97BE-2C20588FFB89}.Debug|x64.Build.0 = Debug|Any CPU
		{565440DB-EF7E-4E1E-97BE-2C20588FFB89}.Debug|x86.ActiveCfg = Debug|Any CPU
		{565440DB-EF7E-4E1E-97BE-2C20588FFB89}.Debug|x86.Build.0 = Debug|Any CPU
		{565440DB-EF7E-4E1E-97BE-2C20588FFB89}.Release|Any CPU.ActiveCfg = Release|Any CPU
		{565440DB-EF7E-4E1E-97BE-2C20588FFB89}.Release|Any CPU.Build.0 = Release|Any CPU
		{565440DB-EF7E-4E1E-97BE-2C20588FFB89}.Release|ARM.ActiveCfg = Release|Any CPU
		{565440DB-EF7E-4E1E-97BE-2C20588FFB89}.Release|ARM.Build.0 = Release|Any CPU
		{565440DB-EF7E-4E1E-97BE-2C20588FFB89}.Release|ARM64.ActiveCfg = Release|Any CPU
		{565440DB-EF7E-4E1E-97BE-2C20588FFB89}.Release|ARM64.Build.0 = Release|Any CPU
		{565440DB-EF7E-4E1E-97BE-2C20588FFB89}.Release|iPhone.ActiveCfg = Release|Any CPU
		{565440DB-EF7E-4E1E-97BE-2C20588FFB89}.Release|iPhone.Build.0 = Release|Any CPU
		{565440DB-EF7E-4E1E-97BE-2C20588FFB89}.Release|iPhoneSimulator.ActiveCfg = Release|Any CPU
		{565440DB-EF7E-4E1E-97BE-2C20588FFB89}.Release|iPhoneSimulator.Build.0 = Release|Any CPU
		{565440DB-EF7E-4E1E-97BE-2C20588FFB89}.Release|x64.ActiveCfg = Release|Any CPU
		{565440DB-EF7E-4E1E-97BE-2C20588FFB89}.Release|x64.Build.0 = Release|Any CPU
		{565440DB-EF7E-4E1E-97BE-2C20588FFB89}.Release|x86.ActiveCfg = Release|Any CPU
		{565440DB-EF7E-4E1E-97BE-2C20588FFB89}.Release|x86.Build.0 = Release|Any CPU
		{9D9E1D51-5806-407C-A96D-32FFB7F0A4DF}.Debug|Any CPU.ActiveCfg = Debug|Any CPU
		{9D9E1D51-5806-407C-A96D-32FFB7F0A4DF}.Debug|Any CPU.Build.0 = Debug|Any CPU
		{9D9E1D51-5806-407C-A96D-32FFB7F0A4DF}.Debug|ARM.ActiveCfg = Debug|Any CPU
		{9D9E1D51-5806-407C-A96D-32FFB7F0A4DF}.Debug|ARM.Build.0 = Debug|Any CPU
		{9D9E1D51-5806-407C-A96D-32FFB7F0A4DF}.Debug|ARM64.ActiveCfg = Debug|Any CPU
		{9D9E1D51-5806-407C-A96D-32FFB7F0A4DF}.Debug|ARM64.Build.0 = Debug|Any CPU
		{9D9E1D51-5806-407C-A96D-32FFB7F0A4DF}.Debug|iPhone.ActiveCfg = Debug|Any CPU
		{9D9E1D51-5806-407C-A96D-32FFB7F0A4DF}.Debug|iPhone.Build.0 = Debug|Any CPU
		{9D9E1D51-5806-407C-A96D-32FFB7F0A4DF}.Debug|iPhoneSimulator.ActiveCfg = Debug|Any CPU
		{9D9E1D51-5806-407C-A96D-32FFB7F0A4DF}.Debug|iPhoneSimulator.Build.0 = Debug|Any CPU
		{9D9E1D51-5806-407C-A96D-32FFB7F0A4DF}.Debug|x64.ActiveCfg = Debug|Any CPU
		{9D9E1D51-5806-407C-A96D-32FFB7F0A4DF}.Debug|x64.Build.0 = Debug|Any CPU
		{9D9E1D51-5806-407C-A96D-32FFB7F0A4DF}.Debug|x86.ActiveCfg = Debug|Any CPU
		{9D9E1D51-5806-407C-A96D-32FFB7F0A4DF}.Debug|x86.Build.0 = Debug|Any CPU
		{9D9E1D51-5806-407C-A96D-32FFB7F0A4DF}.Release|Any CPU.ActiveCfg = Release|Any CPU
		{9D9E1D51-5806-407C-A96D-32FFB7F0A4DF}.Release|Any CPU.Build.0 = Release|Any CPU
		{9D9E1D51-5806-407C-A96D-32FFB7F0A4DF}.Release|ARM.ActiveCfg = Release|Any CPU
		{9D9E1D51-5806-407C-A96D-32FFB7F0A4DF}.Release|ARM.Build.0 = Release|Any CPU
		{9D9E1D51-5806-407C-A96D-32FFB7F0A4DF}.Release|ARM64.ActiveCfg = Release|Any CPU
		{9D9E1D51-5806-407C-A96D-32FFB7F0A4DF}.Release|ARM64.Build.0 = Release|Any CPU
		{9D9E1D51-5806-407C-A96D-32FFB7F0A4DF}.Release|iPhone.ActiveCfg = Release|Any CPU
		{9D9E1D51-5806-407C-A96D-32FFB7F0A4DF}.Release|iPhone.Build.0 = Release|Any CPU
		{9D9E1D51-5806-407C-A96D-32FFB7F0A4DF}.Release|iPhoneSimulator.ActiveCfg = Release|Any CPU
		{9D9E1D51-5806-407C-A96D-32FFB7F0A4DF}.Release|iPhoneSimulator.Build.0 = Release|Any CPU
		{9D9E1D51-5806-407C-A96D-32FFB7F0A4DF}.Release|x64.ActiveCfg = Release|Any CPU
		{9D9E1D51-5806-407C-A96D-32FFB7F0A4DF}.Release|x64.Build.0 = Release|Any CPU
		{9D9E1D51-5806-407C-A96D-32FFB7F0A4DF}.Release|x86.ActiveCfg = Release|Any CPU
		{9D9E1D51-5806-407C-A96D-32FFB7F0A4DF}.Release|x86.Build.0 = Release|Any CPU
	EndGlobalSection
	GlobalSection(SolutionProperties) = preSolution
		HideSolutionNode = FALSE
	EndGlobalSection
	GlobalSection(NestedProjects) = preSolution
		{7F86B3F8-6608-4FE8-97E2-B30EB8BE2C87} = {88DA4224-64D7-40FA-93BB-EFE09529A353}
		{1FAC1238-B1E4-42BD-A4A1-2B0E05A33CAC} = {EFB30EE1-E0D0-4CE1-991B-0C83F345C8E6}
		{1F341BE0-50CC-483F-B3BE-03245F6E6CFC} = {88DA4224-64D7-40FA-93BB-EFE09529A353}
		{520780FF-16AF-431B-933F-EE695F4FA692} = {88DA4224-64D7-40FA-93BB-EFE09529A353}
		{CBC22777-1FB4-4D9A-9CD1-F6E2D7F3348D} = {88DA4224-64D7-40FA-93BB-EFE09529A353}
		{D8707711-90EE-445F-B754-FAB0BD65132B} = {88DA4224-64D7-40FA-93BB-EFE09529A353}
		{AB2691EA-2938-4AAE-B769-766F6B3C8EBA} = {EFB30EE1-E0D0-4CE1-991B-0C83F345C8E6}
		{FF98C655-C4B0-4003-AE25-E1CDC0CC94EF} = {88DA4224-64D7-40FA-93BB-EFE09529A353}
		{565440DB-EF7E-4E1E-97BE-2C20588FFB89} = {EFB30EE1-E0D0-4CE1-991B-0C83F345C8E6}
		{9D9E1D51-5806-407C-A96D-32FFB7F0A4DF} = {EFB30EE1-E0D0-4CE1-991B-0C83F345C8E6}
	EndGlobalSection
	GlobalSection(ExtensibilityGlobals) = postSolution
		SolutionGuid = {5E7E3547-8AC3-4C8F-A67D-9B6EAECCD744}
	EndGlobalSection
EndGlobal
